
Microsoft Visual Studio Solution File, Format Version 12.00
# Visual Studio Version 17
VisualStudioVersion = 17.8.34525.116
MinimumVisualStudioVersion = 10.0.40219.1
Project("{8BC9CEB8-8B4A-11D0-8D11-00A0C91BC942}") = "Beacon", "Beacon.vcxproj", "{E209BF8C-704D-453C-91BE-0D46AFE2260E}"
EndProject
Global
	GlobalSection(SolutionConfigurationPlatforms) = preSolution
		Debug|x64 = Debug|x64
		Debug|x86 = Debug|x86
		Release|x64 = Release|x64
		Release|x86 = Release|x86
	EndGlobalSection
	GlobalSection(ProjectConfigurationPlatforms) = postSolution
		{E209BF8C-704D-453C-91BE-0D46AFE2260E}.Debug|x64.ActiveCfg = Debug|x64
		{E209BF8C-704D-453C-91BE-0D46AFE2260E}.Debug|x64.Build.0 = Debug|x64
		{E209BF8C-704D-453C-91BE-0D46AFE2260E}.Debug|x86.ActiveCfg = Debug|Win32
		{E209BF8C-704D-453C-91BE-0D46AFE2260E}.Debug|x86.Build.0 = Debug|Win32
		{E209BF8C-704D-453C-91BE-0D46AFE2260E}.Release|x64.ActiveCfg = Release|x64
		{E209BF8C-704D-453C-91BE-0D46AFE2260E}.Release|x64.Build.0 = Release|x64
		{E209BF8C-704D-453C-91BE-0D46AFE2260E}.Release|x86.ActiveCfg = Release|Win32
		{E209BF8C-704D-453C-91BE-0D46AFE2260E}.Release|x86.Build.0 = Release|Win32
	EndGlobalSection
	GlobalSection(SolutionProperties) = preSolution
		HideSolutionNode = FALSE
	EndGlobalSection
	GlobalSection(ExtensibilityGlobals) = postSolution
		SolutionGuid = {5837C9BE-E188-408A-AD2C-A15DA06D4C79}
	EndGlobalSection
EndGlobal
